// !$*UTF8*$!
{
	archiveVersion = 1;
	classes = {
	};
	objectVersion = 46;
	objects = {

/* Begin PBXBuildFile section */
		92B3C8AA1ABADA44005EA81A /* main.cpp in Sources */ = {isa = PBXBuildFile; fileRef = 92B3C8A91ABADA44005EA81A /* main.cpp */; };
		F1798C5C1ABAE7F7005576E8 /* main.cpp in Sources */ = {isa = PBXBuildFile; fileRef = F1798C5B1ABAE7F7005576E8 /* main.cpp */; };
		F1798C611ABAE816005576E8 /* gtest.framework in Frameworks */ = {isa = PBXBuildFile; fileRef = F1798C601ABAE816005576E8 /* gtest.framework */; };
/* End PBXBuildFile section */

/* Begin PBXCopyFilesBuildPhase section */
		92B3C8A41ABADA44005EA81A /* CopyFiles */ = {
			isa = PBXCopyFilesBuildPhase;
			buildActionMask = 2147483647;
			dstPath = /usr/share/man/man1/;
			dstSubfolderSpec = 0;
			files = (
			);
			runOnlyForDeploymentPostprocessing = 1;
		};
		F1798C571ABAE7F7005576E8 /* CopyFiles */ = {
			isa = PBXCopyFilesBuildPhase;
			buildActionMask = 2147483647;
			dstPath = /usr/share/man/man1/;
			dstSubfolderSpec = 0;
			files = (
			);
			runOnlyForDeploymentPostprocessing = 1;
		};
/* End PBXCopyFilesBuildPhase section */

/* Begin PBXFileReference section */
		92B3C8A61ABADA44005EA81A /* CPP11 */ = {isa = PBXFileReference; explicitFileType = "compiled.mach-o.executable"; includeInIndex = 0; path = CPP11; sourceTree = BUILT_PRODUCTS_DIR; };
		92B3C8A91ABADA44005EA81A /* main.cpp */ = {isa = PBXFileReference; lastKnownFileType = sourcecode.cpp.cpp; path = main.cpp; sourceTree = "<group>"; };
		F1798C591ABAE7F7005576E8 /* Tests */ = {isa = PBXFileReference; explicitFileType = "compiled.mach-o.executable"; includeInIndex = 0; path = Tests; sourceTree = BUILT_PRODUCTS_DIR; };
		F1798C5B1ABAE7F7005576E8 /* main.cpp */ = {isa = PBXFileReference; lastKnownFileType = sourcecode.cpp.cpp; path = main.cpp; sourceTree = "<group>"; };
		F1798C601ABAE816005576E8 /* gtest.framework */ = {isa = PBXFileReference; lastKnownFileType = wrapper.framework; name = gtest.framework; path = ../../../../../../../Library/Frameworks/gtest.framework; sourceTree = "<group>"; };
/* End PBXFileReference section */

/* Begin PBXFrameworksBuildPhase section */
		92B3C8A31ABADA44005EA81A /* Frameworks */ = {
			isa = PBXFrameworksBuildPhase;
			buildActionMask = 2147483647;
			files = (
			);
			runOnlyForDeploymentPostprocessing = 0;
		};
		F1798C561ABAE7F7005576E8 /* Frameworks */ = {
			isa = PBXFrameworksBuildPhase;
			buildActionMask = 2147483647;
			files = (
				F1798C611ABAE816005576E8 /* gtest.framework in Frameworks */,
			);
			runOnlyForDeploymentPostprocessing = 0;
		};
/* End PBXFrameworksBuildPhase section */

/* Begin PBXGroup section */
		92B3C89D1ABADA44005EA81A = {
			isa = PBXGroup;
			children = (
				F1798C601ABAE816005576E8 /* gtest.framework */,
				92B3C8A81ABADA44005EA81A /* CPP11 */,
				F1798C5A1ABAE7F7005576E8 /* Tests */,
				92B3C8A71ABADA44005EA81A /* Products */,
			);
			sourceTree = "<group>";
		};
		92B3C8A71ABADA44005EA81A /* Products */ = {
			isa = PBXGroup;
			children = (
				92B3C8A61ABADA44005EA81A /* CPP11 */,
				F1798C591ABAE7F7005576E8 /* Tests */,
			);
			name = Products;
			sourceTree = "<group>";
		};
		92B3C8A81ABADA44005EA81A /* CPP11 */ = {
			isa = PBXGroup;
			children = (
				92B3C8A91ABADA44005EA81A /* main.cpp */,
			);
			path = CPP11;
			sourceTree = "<group>";
		};
		F1798C5A1ABAE7F7005576E8 /* Tests */ = {
			isa = PBXGroup;
			children = (
				F1798C5B1ABAE7F7005576E8 /* main.cpp */,
			);
			path = Tests;
			sourceTree = "<group>";
		};
/* End PBXGroup section */

/* Begin PBXNativeTarget section */
		92B3C8A51ABADA44005EA81A /* CPP11 */ = {
			isa = PBXNativeTarget;
			buildConfigurationList = 92B3C8AD1ABADA44005EA81A /* Build configuration list for PBXNativeTarget "CPP11" */;
			buildPhases = (
				92B3C8A21ABADA44005EA81A /* Sources */,
				92B3C8A31ABADA44005EA81A /* Frameworks */,
				92B3C8A41ABADA44005EA81A /* CopyFiles */,
			);
			buildRules = (
			);
			dependencies = (
			);
			name = CPP11;
			productName = CPP11;
			productReference = 92B3C8A61ABADA44005EA81A /* CPP11 */;
			productType = "com.apple.product-type.tool";
		};
		F1798C581ABAE7F7005576E8 /* Tests */ = {
			isa = PBXNativeTarget;
			buildConfigurationList = F1798C5F1ABAE7F7005576E8 /* Build configuration list for PBXNativeTarget "Tests" */;
			buildPhases = (
				F1798C551ABAE7F7005576E8 /* Sources */,
				F1798C561ABAE7F7005576E8 /* Frameworks */,
				F1798C571ABAE7F7005576E8 /* CopyFiles */,
			);
			buildRules = (
			);
			dependencies = (
			);
			name = Tests;
			productName = Tests;
			productReference = F1798C591ABAE7F7005576E8 /* Tests */;
			productType = "com.apple.product-type.tool";
		};
/* End PBXNativeTarget section */

/* Begin PBXProject section */
		92B3C89E1ABADA44005EA81A /* Project object */ = {
			isa = PBXProject;
			attributes = {
				LastUpgradeCheck = 0620;
				ORGANIZATIONNAME = "Keisuke Matsumura";
				TargetAttributes = {
					92B3C8A51ABADA44005EA81A = {
						CreatedOnToolsVersion = 6.2;
					};
					F1798C581ABAE7F7005576E8 = {
						CreatedOnToolsVersion = 6.2;
					};
				};
			};
			buildConfigurationList = 92B3C8A11ABADA44005EA81A /* Build configuration list for PBXProject "CPP11" */;
			compatibilityVersion = "Xcode 3.2";
			developmentRegion = English;
			hasScannedForEncodings = 0;
			knownRegions = (
				en,
			);
			mainGroup = 92B3C89D1ABADA44005EA81A;
			productRefGroup = 92B3C8A71ABADA44005EA81A /* Products */;
			projectDirPath = "";
			projectRoot = "";
			targets = (
				92B3C8A51ABADA44005EA81A /* CPP11 */,
				F1798C581ABAE7F7005576E8 /* Tests */,
			);
		};
/* End PBXProject section */

/* Begin PBXSourcesBuildPhase section */
		92B3C8A21ABADA44005EA81A /* Sources */ = {
			isa = PBXSourcesBuildPhase;
			buildActionMask = 2147483647;
			files = (
				92B3C8AA1ABADA44005EA81A /* main.cpp in Sources */,
			);
			runOnlyForDeploymentPostprocessing = 0;
		};
		F1798C551ABAE7F7005576E8 /* Sources */ = {
			isa = PBXSourcesBuildPhase;
			buildActionMask = 2147483647;
			files = (
				F1798C5C1ABAE7F7005576E8 /* main.cpp in Sources */,
			);
			runOnlyForDeploymentPostprocessing = 0;
		};
/* End PBXSourcesBuildPhase section */

/* Begin XCBuildConfiguration section */
		92B3C8AB1ABADA44005EA81A /* Debug */ = {
			isa = XCBuildConfiguration;
			buildSettings = {
				ALWAYS_SEARCH_USER_PATHS = NO;
				CLANG_CXX_LANGUAGE_STANDARD = "gnu++0x";
				CLANG_CXX_LIBRARY = "libc++";
				CLANG_ENABLE_MODULES = YES;
				CLANG_ENABLE_OBJC_ARC = YES;
				CLANG_WARN_BOOL_CONVERSION = YES;
				CLANG_WARN_CONSTANT_CONVERSION = YES;
				CLANG_WARN_DIRECT_OBJC_ISA_USAGE = YES_ERROR;
				CLANG_WARN_EMPTY_BODY = YES;
				CLANG_WARN_ENUM_CONVERSION = YES;
				CLANG_WARN_INT_CONVERSION = YES;
				CLANG_WARN_OBJC_ROOT_CLASS = YES_ERROR;
				CLANG_WARN_UNREACHABLE_CODE = YES;
				CLANG_WARN__DUPLICATE_METHOD_MATCH = YES;
				COPY_PHASE_STRIP = NO;
				ENABLE_STRICT_OBJC_MSGSEND = YES;
				GCC_C_LANGUAGE_STANDARD = gnu99;
				GCC_DYNAMIC_NO_PIC = NO;
				GCC_OPTIMIZATION_LEVEL = 0;
				GCC_PREPROCESSOR_DEFINITIONS = (
					"DEBUG=1",
					"$(inherited)",
				);
				GCC_SYMBOLS_PRIVATE_EXTERN = NO;
				GCC_WARN_64_TO_32_BIT_CONVERSION = YES;
				GCC_WARN_ABOUT_RETURN_TYPE = YES_ERROR;
				GCC_WARN_UNDECLARED_SELECTOR = YES;
				GCC_WARN_UNINITIALIZED_AUTOS = YES_AGGRESSIVE;
				GCC_WARN_UNUSED_FUNCTION = YES;
				GCC_WARN_UNUSED_VARIABLE = YES;
				MACOSX_DEPLOYMENT_TARGET = 10.10;
				MTL_ENABLE_DEBUG_INFO = YES;
				ONLY_ACTIVE_ARCH = YES;
				SDKROOT = macosx;
			};
			name = Debug;
		};
		92B3C8AC1ABADA44005EA81A /* Release */ = {
			isa = XCBuildConfiguration;
			buildSettings = {
				ALWAYS_SEARCH_USER_PATHS = NO;
				CLANG_CXX_LANGUAGE_STANDARD = "gnu++0x";
				CLANG_CXX_LIBRARY = "libc++";
				CLANG_ENABLE_MODULES = YES;
				CLANG_ENABLE_OBJC_ARC = YES;
				CLANG_WARN_BOOL_CONVERSION = YES;
				CLANG_WARN_CONSTANT_CONVERSION = YES;
				CLANG_WARN_DIRECT_OBJC_ISA_USAGE = YES_ERROR;
				CLANG_WARN_EMPTY_BODY = YES;
				CLANG_WARN_ENUM_CONVERSION = YES;
				CLANG_WARN_INT_CONVERSION = YES;
				CLANG_WARN_OBJC_ROOT_CLASS = YES_ERROR;
				CLANG_WARN_UNREACHABLE_CODE = YES;
				CLANG_WARN__DUPLICATE_METHOD_MATCH = YES;
				COPY_PHASE_STRIP = NO;
				DEBUG_INFORMATION_FORMAT = "dwarf-with-dsym";
				ENABLE_NS_ASSERTIONS = NO;
				ENABLE_STRICT_OBJC_MSGSEND = YES;
				GCC_C_LANGUAGE_STANDARD = gnu99;
				GCC_WARN_64_TO_32_BIT_CONVERSION = YES;
				GCC_WARN_ABOUT_RETURN_TYPE = YES_ERROR;
				GCC_WARN_UNDECLARED_SELECTOR = YES;
				GCC_WARN_UNINITIALIZED_AUTOS = YES_AGGRESSIVE;
				GCC_WARN_UNUSED_FUNCTION = YES;
				GCC_WARN_UNUSED_VARIABLE = YES;
				MACOSX_DEPLOYMENT_TARGET = 10.10;
				MTL_ENABLE_DEBUG_INFO = NO;
				SDKROOT = macosx;
			};
			name = Release;
		};
		92B3C8AE1ABADA44005EA81A /* Debug */ = {
			isa = XCBuildConfiguration;
			buildSettings = {
				PRODUCT_NAME = "$(TARGET_NAME)";
			};
			name = Debug;
		};
		92B3C8AF1ABADA44005EA81A /* Release */ = {
			isa = XCBuildConfiguration;
			buildSettings = {
				PRODUCT_NAME = "$(TARGET_NAME)";
			};
			name = Release;
		};
		F1798C5D1ABAE7F7005576E8 /* Debug */ = {
			isa = XCBuildConfiguration;
			buildSettings = {
				FRAMEWORK_SEARCH_PATHS = (
					"$(inherited)",
					"$(LOCAL_LIBRARY_DIR)/Frameworks",
				);
				GCC_PREPROCESSOR_DEFINITIONS = (
					"DEBUG=1",
					"$(inherited)",
				);
				PRODUCT_NAME = "$(TARGET_NAME)";
			};
			name = Debug;
		};
		F1798C5E1ABAE7F7005576E8 /* Release */ = {
			isa = XCBuildConfiguration;
			buildSettings = {
				FRAMEWORK_SEARCH_PATHS = (
					"$(inherited)",
					"$(LOCAL_LIBRARY_DIR)/Frameworks",
				);
				PRODUCT_NAME = "$(TARGET_NAME)";
			};
			name = Release;
		};
/* End XCBuildConfiguration section */

/* Begin XCConfigurationList section */
		92B3C8A11ABADA44005EA81A /* Build configuration list for PBXProject "CPP11" */ = {
			isa = XCConfigurationList;
			buildConfigurations = (
				92B3C8AB1ABADA44005EA81A /* Debug */,
				92B3C8AC1ABADA44005EA81A /* Release */,
			);
			defaultConfigurationIsVisible = 0;
			defaultConfigurationName = Release;
		};
		92B3C8AD1ABADA44005EA81A /* Build configuration list for PBXNativeTarget "CPP11" */ = {
			isa = XCConfigurationList;
			buildConfigurations = (
				92B3C8AE1ABADA44005EA81A /* Debug */,
				92B3C8AF1ABADA44005EA81A /* Release */,
			);
			defaultConfigurationIsVisible = 0;
			defaultConfigurationName = Release;
		};
		F1798C5F1ABAE7F7005576E8 /* Build configuration list for PBXNativeTarget "Tests" */ = {
			isa = XCConfigurationList;
			buildConfigurations = (
				F1798C5D1ABAE7F7005576E8 /* Debug */,
				F1798C5E1ABAE7F7005576E8 /* Release */,
			);
			defaultConfigurationIsVisible = 0;
		};
/* End XCConfigurationList section */
	};
	rootObject = 92B3C89E1ABADA44005EA81A /* Project object */;
}
